
Microsoft Visual Studio Solution File, Format Version 12.00
# Visual Studio Version 17
VisualStudioVersion = 17.14.36811.4 d17.14
MinimumVisualStudioVersion = 10.0.40219.1
Project("{FAE04EC0-301F-11D3-BF4B-00C04F79EFBC}") = "CURDoperation", "CURDoperation\CURDoperation.csproj", "{11C0D5D1-2777-41FE-B409-63FF465FA70E}"
EndProject
Global
	GlobalSection(SolutionConfigurationPlatforms) = preSolution
		Debug|Any CPU = Debug|Any CPU
		Release|Any CPU = Release|Any CPU
	EndGlobalSection
	GlobalSection(ProjectConfigurationPlatforms) = postSolution
		{11C0D5D1-2777-41FE-B409-63FF465FA70E}.Debug|Any CPU.ActiveCfg = Debug|Any CPU
		{11C0D5D1-2777-41FE-B409-63FF465FA70E}.Debug|Any CPU.Build.0 = Debug|Any CPU
		{11C0D5D1-2777-41FE-B409-63FF465FA70E}.Release|Any CPU.ActiveCfg = Release|Any CPU
		{11C0D5D1-2777-41FE-B409-63FF465FA70E}.Release|Any CPU.Build.0 = Release|Any CPU
	EndGlobalSection
	GlobalSection(SolutionProperties) = preSolution
		HideSolutionNode = FALSE
	EndGlobalSection
	GlobalSection(ExtensibilityGlobals) = postSolution
		SolutionGuid = {9B27F514-2F41-4E53-A636-28336471A9C2}
	EndGlobalSection
EndGlobal
